PODS:
  - GRDB.swift (4.14.0):
    - GRDB.swift/standard (= 4.14.0)
  - GRDB.swift/standard (4.14.0)
  - LocoKit (7.0.0):
    - LocoKit/Base (= 7.0.0)
  - LocoKit/Base (7.0.0):
    - GRDB.swift (~> 4)
    - LocoKitCore (= 7.0.0)
    - Upsurge (~> 0.10)
  - LocoKitCore (7.0.0)
  - Upsurge (0.10.2)

DEPENDENCIES:
  - LocoKit (from `https://github.com/sobri909/LocoKit.git`, branch `develop`)
  - LocoKitCore (from `https://github.com/sobri909/LocoKit.git`, branch `develop`)

SPEC REPOS:
  trunk:
    - GRDB.swift
    - Upsurge

EXTERNAL SOURCES:
  LocoKit:
    :branch: develop
    :git: https://github.com/sobri909/LocoKit.git
  LocoKitCore:
    :branch: develop
    :git: https://github.com/sobri909/LocoKit.git

CHECKOUT OPTIONS:
  LocoKit:
    :commit: aca7a2c184ebf5566699e39e3d1ccbbfaecc8212
    :git: https://github.com/sobri909/LocoKit.git
  LocoKitCore:
    :commit: aca7a2c184ebf5566699e39e3d1ccbbfaecc8212
    :git: https://github.com/sobri909/LocoKit.git

SPEC CHECKSUMS:
  GRDB.swift: 8cc3ab7c8b8b4ac1761deb8dca4b51c1c9d429f8
  LocoKit: 0f88ef64006adf4ea3cabcb610b614eb269d5544
  LocoKitCore: 30cff6a1e4ac5a32eefe232c19e24fd79485661d
  Upsurge: 5866beadc3da27f91c5df4ac795deb3f3238d678

PODFILE CHECKSUM: a39e55c55bbd39c576850b79f328929bb360462c

COCOAPODS: 1.9.3
