{
  "object": {
    "pins": [
      {
        "package": "AEXML",
        "repositoryURL": "https://github.com/tadija/AEXML",
        "state": {
          "branch": null,
          "revision": "38f7d00b23ecd891e1ee656fa6aeebd6ba04ecc3",
          "version": "4.6.1"
        }
      },
      {
        "package": "FlatBuffers",
        "repositoryURL": "https://github.com/mustiikhalil/flatbuffers",
        "state": {
          "branch": null,
          "revision": "d1bad799d82545f3ab70e6baa86e714927eb4a84",
          "version": "0.8.1"
        }
      },
      {
        "package": "GRDB",
        "repositoryURL": "https://github.com/groue/GRDB.swift.git",
        "state": {
          "branch": null,
          "revision": "1acf8e4b1ea90ed314c7c477051efc7933946b22",
          "version": "5.11.0"
        }
      },
      {
        "package": "Gzip",
        "repositoryURL": "https://github.com/1024jp/GzipSwift",
        "state": {
          "branch": null,
          "revision": "ba0b6cb51cc6202f896e469b87d2889a46b10d1b",
          "version": "5.1.1"
        }
      },
      {
        "package": "LocoKit",
        "repositoryURL": "https://github.com/sobri909/LocoKit.git",
        "state": {
          "branch": "develop",
          "revision": "58dcc3d5ac4f865a8f9c2b6a90d2a7496ca816c1",
          "version": null
        }
      },
      {
        "package": "PromiseKit",
        "repositoryURL": "https://github.com/mxcl/PromiseKit",
        "state": {
          "branch": null,
          "revision": "d2f7ba14bcdc45e18f4f60ad9df883fb9055f081",
          "version": "6.15.3"
        }
      },
      {
        "package": "Sentry",
        "repositoryURL": "https://github.com/getsentry/sentry-cocoa.git",
        "state": {
          "branch": null,
          "revision": "946cbb6daccedf40d652a12138f78e96f660e1ad",
          "version": "6.2.1"
        }
      },
      {
        "package": "swift-log",
        "repositoryURL": "https://github.com/apple/swift-log",
        "state": {
          "branch": null,
          "revision": "5d66f7ba25daf4f94100e7022febf3c75e37a6c7",
          "version": "1.4.2"
        }
      },
      {
        "package": "swift-log-format-and-pipe",
        "repositoryURL": "https://github.com/Adorkable/swift-log-format-and-pipe",
        "state": {
          "branch": null,
          "revision": "bd29badb9e6b18122ec10b84eed534db83cad279",
          "version": "0.1.1"
        }
      },
      {
        "package": "SwiftNotes",
        "repositoryURL": "https://github.com/sobri909/SwiftNotes",
        "state": {
          "branch": "master",
          "revision": "1240d0b252551d78f2eb37a0bd468b9fa0a398e3",
          "version": null
        }
      },
      {
        "package": "Introspect",
        "repositoryURL": "https://github.com/timbersoftware/SwiftUI-Introspect.git",
        "state": {
          "branch": "master",
          "revision": "72a509c93166540c0adf8323fd2652daade7f9f6",
          "version": null
        }
      },
      {
        "package": "Upsurge",
        "repositoryURL": "https://github.com/alejandro-isaza/Upsurge.git",
        "state": {
          "branch": null,
          "revision": "66c66253ab0d1a0988a6efb68f49629cf3e06a84",
          "version": "0.11.0"
        }
      }
    ]
  },
  "version": 1
}
