{
  "pins" : [
    {
      "identity" : "aexml",
      "kind" : "remoteSourceControl",
      "location" : "https://github.com/tadija/AEXML",
      "state" : {
        "revision" : "38f7d00b23ecd891e1ee656fa6aeebd6ba04ecc3",
        "version" : "4.6.1"
      }
    },
    {
      "identity" : "flatbuffers",
      "kind" : "remoteSourceControl",
      "location" : "https://github.com/mustiikhalil/flatbuffers",
      "state" : {
        "revision" : "d1bad799d82545f3ab70e6baa86e714927eb4a84",
        "version" : "0.8.1"
      }
    },
    {
      "identity" : "grdb.swift",
      "kind" : "remoteSourceControl",
      "location" : "https://github.com/groue/GRDB.swift.git",
      "state" : {
        "revision" : "dd7e7f39e8e4d7a22d258d9809a882f914690b01",
        "version" : "5.26.1"
      }
    },
    {
      "identity" : "gzipswift",
      "kind" : "remoteSourceControl",
      "location" : "https://github.com/1024jp/GzipSwift",
      "state" : {
        "revision" : "7a7f17761c76a932662ab77028a4329f67d645a4",
        "version" : "5.2.0"
      }
    },
    {
      "identity" : "locokit",
      "kind" : "remoteSourceControl",
      "location" : "https://github.com/sobri909/LocoKit.git",
      "state" : {
        "branch" : "core-ml",
        "revision" : "752c10bfef29e7b795670d7775a450d5aabdd81a"
      }
    },
    {
      "identity" : "promisekit",
      "kind" : "remoteSourceControl",
      "location" : "https://github.com/mxcl/PromiseKit",
      "state" : {
        "revision" : "8a98e31a47854d3180882c8068cc4d9381bf382d",
        "version" : "6.22.1"
      }
    },
    {
      "identity" : "swift-log",
      "kind" : "remoteSourceControl",
      "location" : "https://github.com/apple/swift-log",
      "state" : {
        "revision" : "32e8d724467f8fe623624570367e3d50c5638e46",
        "version" : "1.5.2"
      }
    },
    {
      "identity" : "swift-log-format-and-pipe",
      "kind" : "remoteSourceControl",
      "location" : "https://github.com/Adorkable/swift-log-format-and-pipe",
      "state" : {
        "revision" : "bd29badb9e6b18122ec10b84eed534db83cad279",
        "version" : "0.1.1"
      }
    },
    {
      "identity" : "swiftnotes",
      "kind" : "remoteSourceControl",
      "location" : "https://github.com/sobri909/SwiftNotes",
      "state" : {
        "branch" : "master",
        "revision" : "1240d0b252551d78f2eb37a0bd468b9fa0a398e3"
      }
    },
    {
      "identity" : "swiftui-introspect",
      "kind" : "remoteSourceControl",
      "location" : "https://github.com/timbersoftware/SwiftUI-Introspect.git",
      "state" : {
        "branch" : "master",
        "revision" : "e93995cb75170a18113ddf1e3cf0d0668c33c8b2"
      }
    },
    {
      "identity" : "upsurge",
      "kind" : "remoteSourceControl",
      "location" : "https://github.com/alejandro-isaza/Upsurge.git",
      "state" : {
        "revision" : "66c66253ab0d1a0988a6efb68f49629cf3e06a84",
        "version" : "0.11.0"
      }
    }
  ],
  "version" : 2
}
